
Microsoft Visual Studio Solution File, Format Version 12.00
# Visual Studio Version 17
VisualStudioVersion = 17.9.34616.47
MinimumVisualStudioVersion = 10.0.40219.1
Project("{FAE04EC0-301F-11D3-BF4B-00C04F79EFBC}") = "Travel Nepal", "Travel Nepal-2\Travel Nepal.csproj", "{DF4E5AD2-8D28-43C3-8B7B-F8BA6D570472}"
EndProject
Global
	GlobalSection(SolutionConfigurationPlatforms) = preSolution
		Debug|Any CPU = Debug|Any CPU
		Release|Any CPU = Release|Any CPU
	EndGlobalSection
	GlobalSection(ProjectConfigurationPlatforms) = postSolution
		{DF4E5AD2-8D28-43C3-8B7B-F8BA6D570472}.Debug|Any CPU.ActiveCfg = Debug|Any CPU
		{DF4E5AD2-8D28-43C3-8B7B-F8BA6D570472}.Debug|Any CPU.Build.0 = Debug|Any CPU
		{DF4E5AD2-8D28-43C3-8B7B-F8BA6D570472}.Release|Any CPU.ActiveCfg = Release|Any CPU
		{DF4E5AD2-8D28-43C3-8B7B-F8BA6D570472}.Release|Any CPU.Build.0 = Release|Any CPU
	EndGlobalSection
	GlobalSection(SolutionProperties) = preSolution
		HideSolutionNode = FALSE
	EndGlobalSection
	GlobalSection(ExtensibilityGlobals) = postSolution
		SolutionGuid = {2CDDFFF8-48D5-498D-9646-1A465D84F549}
	EndGlobalSection
EndGlobal
